{
  "name": "mat-progress-buttons",
  "version": "9.2.2",
  "lockfileVersion": 1,
  "requires": true,
  "dependencies": {
    "@angular/material": {
      "version": "11.0.3",
      "resolved": "https://registry.npmjs.org/@angular/material/-/material-11.0.3.tgz",
      "integrity": "sha512-YTHmtKGwjAEFAOOmuivcwnINMPHxvM7iZQpTgZqDKNiqiv53cwry2Ctb54suRNT+D794z59D0/r+YocGkzFv3w==",
      "dev": true,
      "requires": {
        "tslib": "^2.0.0"
      },
      "dependencies": {
        "tslib": {
          "version": "2.0.3",
          "resolved": "https://registry.npmjs.org/tslib/-/tslib-2.0.3.tgz",
          "integrity": "sha512-uZtkfKblCEQtZKBF6EBXVZeQNl82yqtDQdv+eck8u7tdPxjLu2/lp5/uPW+um2tpuxINHWy3GhiccY7QgEaVHQ==",
          "dev": true
        }
      }
    },
    "tslib": {
      "version": "2.0.3",
      "resolved": "https://registry.npmjs.org/tslib/-/tslib-2.0.3.tgz",
      "integrity": "sha512-uZtkfKblCEQtZKBF6EBXVZeQNl82yqtDQdv+eck8u7tdPxjLu2/lp5/uPW+um2tpuxINHWy3GhiccY7QgEaVHQ=="
    }
  }
}
